%{
  "castore": {:hex, :castore, "1.0.17", "4f9770d2d45fbd91dcf6bd404cf64e7e58fed04fadda0923dc32acca0badffa2", [:mix], [], "hexpm", "12d24b9d80b910dd3953e165636d68f147a31db945d2dcb9365e441f8b5351e5"},
  "certifi": {:hex, :certifi, "2.15.0", "0e6e882fcdaaa0a5a9f2b3db55b1394dba07e8d6d9bcad08318fb604c6839712", [:rebar3], [], "hexpm", "b147ed22ce71d72eafdad94f055165c1c182f61a2ff49df28bcc71d1d5b94a60"},
  "cowboy": {:hex, :cowboy, "2.10.0", "ff9ffeff91dae4ae270dd975642997afe2a1179d94b1887863e43f681a203e26", [:make, :rebar3], [{:cowlib, "2.12.1", [hex: :cowlib, repo: "hexpm", optional: false]}, {:ranch, "1.8.0", [hex: :ranch, repo: "hexpm", optional: false]}], "hexpm", "3afdccb7183cc6f143cb14d3cf51fa00e53db9ec80cdcd525482f5e99bc41d6b"},
  "cowboy_telemetry": {:hex, :cowboy_telemetry, "0.4.0", "f239f68b588efa7707abce16a84d0d2acf3a0f50571f8bb7f56a15865aae820c", [:rebar3], [{:cowboy, "~> 2.7", [hex: :cowboy, repo: "hexpm", optional: false]}, {:telemetry, "~> 1.0", [hex: :telemetry, repo: "hexpm", optional: false]}], "hexpm", "7d98bac1ee4565d31b62d59f8823dfd8356a169e7fcbb83831b8a5397404c9de"},
  "cowlib": {:hex, :cowlib, "2.12.1", "a9fa9a625f1d2025fe6b462cb865881329b5caff8f1854d1cbc9f9533f00e1e1", [:make, :rebar3], [], "hexpm", "163b73f6367a7341b33c794c4e88e7dbfe6498ac42dcd69ef44c5bc5507c8db0"},
  "db_connection": {:hex, :db_connection, "2.9.0", "a6a97c5c958a2d7091a58a9be40caf41ab496b0701d21e1d1abff3fa27a7f371", [:mix], [{:telemetry, "~> 0.4 or ~> 1.0", [hex: :telemetry, repo: "hexpm", optional: false]}], "hexpm", "17d502eacaf61829db98facf6f20808ed33da6ccf495354a41e64fe42f9c509c"},
  "decimal": {:hex, :decimal, "2.3.0", "3ad6255aa77b4a3c4f818171b12d237500e63525c2fd056699967a3e7ea20f62", [:mix], [], "hexpm", "a4d66355cb29cb47c3cf30e71329e58361cfcb37c34235ef3bf1d7bf3773aeac"},
  "dns_cluster": {:hex, :dns_cluster, "0.1.1", "73b4b2c3ec692f8a64276c43f8c929733a9ab9ac48c34e4c0b3d9d1b5cd69155", [:mix], [], "hexpm", "03a3f6ff16dcbb53e219b99c7af6aab29eb6b88acf80164b4bd76ac18dc890b3"},
  "ecto": {:hex, :ecto, "3.11.2", "e1d26be989db350a633667c5cda9c3d115ae779b66da567c68c80cfb26a8c9ee", [:mix], [{:decimal, "~> 2.0", [hex: :decimal, repo: "hexpm", optional: false]}, {:jason, "~> 1.0", [hex: :jason, repo: "hexpm", optional: true]}, {:telemetry, "~> 0.4 or ~> 1.0", [hex: :telemetry, repo: "hexpm", optional: false]}], "hexpm", "3c38bca2c6f8d8023f2145326cc8a80100c3ffe4dcbd9842ff867f7fc6156c65"},
  "ecto_sql": {:hex, :ecto_sql, "3.11.3", "4eb7348ff8101fbc4e6bbc5a4404a24fecbe73a3372d16569526b0cf34ebc195", [:mix], [{:db_connection, "~> 2.4.1 or ~> 2.5", [hex: :db_connection, repo: "hexpm", optional: false]}, {:ecto, "~> 3.11.0", [hex: :ecto, repo: "hexpm", optional: false]}, {:myxql, "~> 0.6", [hex: :myxql, repo: "hexpm", optional: true]}, {:postgrex, "~> 0.16 or ~> 1.0", [hex: :postgrex, repo: "hexpm", optional: true]}, {:tds, "~> 2.1.1 or ~> 2.2", [hex: :tds, repo: "hexpm", optional: true]}, {:telemetry, "~> 0.4.0 or ~> 1.0", [hex: :telemetry, repo: "hexpm", optional: false]}], "hexpm", "e5f36e3d736b99c7fee3e631333b8394ade4bafe9d96d35669fca2d81c2be928"},
  "elixir_uuid": {:hex, :elixir_uuid, "1.2.1", "dce506597acb7e6b0daeaff52ff6a9043f5919a4c3315abb4143f0b00378c097", [:mix], [], "hexpm", "f7eba2ea6c3555cea09706492716b0d87397b88946e6380898c2889d68585752"},
  "esbuild": {:hex, :esbuild, "0.7.1", "fa0947e8c3c3c2f86c9bf7e791a0a385007ccd42b86885e8e893bdb6631f5169", [:mix], [{:castore, ">= 0.0.0", [hex: :castore, repo: "hexpm", optional: false]}], "hexpm", "66661cdf70b1378ee4dc16573fcee67750b59761b2605a0207c267ab9d19f13c"},
  "ex_docker_engine_api": {:hex, :ex_docker_engine_api, "1.43.1", "1161e34b6bea5cef84d8fdc1d5d510fcb0c463941ce84c36f4a0f44a9096eb96", [:mix], [{:hackney, "~> 1.20", [hex: :hackney, repo: "hexpm", optional: false]}, {:jason, "~> 1.4", [hex: :jason, repo: "hexpm", optional: false]}, {:tesla, "~> 1.7", [hex: :tesla, repo: "hexpm", optional: false]}], "hexpm", "ec8fc499389aeef56ddca67e89e9e98098cff50587b56e8b4613279f382793b1"},
  "expo": {:hex, :expo, "0.4.1", "1c61d18a5df197dfda38861673d392e642649a9cef7694d2f97a587b2cfb319b", [:mix], [], "hexpm", "2ff7ba7a798c8c543c12550fa0e2cbc81b95d4974c65855d8d15ba7b37a1ce47"},
  "file_system": {:hex, :file_system, "0.2.10", "fb082005a9cd1711c05b5248710f8826b02d7d1784e7c3451f9c1231d4fc162d", [:mix], [], "hexpm", "41195edbfb562a593726eda3b3e8b103a309b733ad25f3d642ba49696bf715dc"},
  "finch": {:hex, :finch, "0.21.0", "b1c3b2d48af02d0c66d2a9ebfb5622be5c5ecd62937cf79a88a7f98d48a8290c", [:mix], [{:mime, "~> 1.0 or ~> 2.0", [hex: :mime, repo: "hexpm", optional: false]}, {:mint, "~> 1.6.2 or ~> 1.7", [hex: :mint, repo: "hexpm", optional: false]}, {:nimble_options, "~> 0.4 or ~> 1.0", [hex: :nimble_options, repo: "hexpm", optional: false]}, {:nimble_pool, "~> 1.1", [hex: :nimble_pool, repo: "hexpm", optional: false]}, {:telemetry, "~> 0.4 or ~> 1.0", [hex: :telemetry, repo: "hexpm", optional: false]}], "hexpm", "87dc6e169794cb2570f75841a19da99cfde834249568f2a5b121b809588a4377"},
  "floki": {:hex, :floki, "0.35.1", "b21cf592ed38c1207c5ea52120a2e81d6ecba11337a633a3f29ec17a64033178", [:mix], [], "hexpm", "f126e3eb814f131c21befeeeb773d2c4e2331ce05214c1a9844a3edde5c69003"},
  "fs": {:hex, :fs, "11.4.1", "11fb3153bb2e1de851b8263bb5698d526894853c73a525ebeb5e69108b2d25cd", [:rebar3], [], "hexpm", "dd00a61d89eac01d16d3fc51d5b0eb5f0722ef8e3c1a3a547cd086957f3260a9"},
  "gettext": {:hex, :gettext, "0.23.1", "821e619a240e6000db2fc16a574ef68b3bd7fe0167ccc264a81563cc93e67a31", [:mix], [{:expo, "~> 0.4.0", [hex: :expo, repo: "hexpm", optional: false]}], "hexpm", "19d744a36b809d810d610b57c27b934425859d158ebd56561bc41f7eeb8795db"},
  "hackney": {:hex, :hackney, "1.25.0", "390e9b83f31e5b325b9f43b76e1a785cbdb69b5b6cd4e079aa67835ded046867", [:rebar3], [{:certifi, "~> 2.15.0", [hex: :certifi, repo: "hexpm", optional: false]}, {:idna, "~> 6.1.0", [hex: :idna, repo: "hexpm", optional: false]}, {:metrics, "~> 1.0.0", [hex: :metrics, repo: "hexpm", optional: false]}, {:mimerl, "~> 1.4", [hex: :mimerl, repo: "hexpm", optional: false]}, {:parse_trans, "3.4.1", [hex: :parse_trans, repo: "hexpm", optional: false]}, {:ssl_verify_fun, "~> 1.1.0", [hex: :ssl_verify_fun, repo: "hexpm", optional: false]}, {:unicode_util_compat, "~> 0.7.1", [hex: :unicode_util_compat, repo: "hexpm", optional: false]}], "hexpm", "7209bfd75fd1f42467211ff8f59ea74d6f2a9e81cbcee95a56711ee79fd6b1d4"},
  "hpax": {:hex, :hpax, "1.0.3", "ed67ef51ad4df91e75cc6a1494f851850c0bd98ebc0be6e81b026e765ee535aa", [:mix], [], "hexpm", "8eab6e1cfa8d5918c2ce4ba43588e894af35dbd8e91e6e55c817bca5847df34a"},
  "idna": {:hex, :idna, "6.1.1", "8a63070e9f7d0c62eb9d9fcb360a7de382448200fbbd1b106cc96d3d8099df8d", [:rebar3], [{:unicode_util_compat, "~> 0.7.0", [hex: :unicode_util_compat, repo: "hexpm", optional: false]}], "hexpm", "92376eb7894412ed19ac475e4a86f7b413c1b9fbb5bd16dccd57934157944cea"},
  "jason": {:hex, :jason, "1.4.4", "b9226785a9aa77b6857ca22832cffa5d5011a667207eb2a0ad56adb5db443b8a", [:mix], [{:decimal, "~> 1.0 or ~> 2.0", [hex: :decimal, repo: "hexpm", optional: true]}], "hexpm", "c5eb0cab91f094599f94d55bc63409236a8ec69a21a67814529e8d5f6cc90b3b"},
  "metrics": {:hex, :metrics, "1.0.1", "25f094dea2cda98213cecc3aeff09e940299d950904393b2a29d191c346a8486", [:rebar3], [], "hexpm", "69b09adddc4f74a40716ae54d140f93beb0fb8978d8636eaded0c31b6f099f16"},
  "mime": {:hex, :mime, "2.0.7", "b8d739037be7cd402aee1ba0306edfdef982687ee7e9859bee6198c1e7e2f128", [:mix], [], "hexpm", "6171188e399ee16023ffc5b76ce445eb6d9672e2e241d2df6050f3c771e80ccd"},
  "mimerl": {:hex, :mimerl, "1.4.0", "3882a5ca67fbbe7117ba8947f27643557adec38fa2307490c4c4207624cb213b", [:rebar3], [], "hexpm", "13af15f9f68c65884ecca3a3891d50a7b57d82152792f3e19d88650aa126b144"},
  "mint": {:hex, :mint, "1.7.1", "113fdb2b2f3b59e47c7955971854641c61f378549d73e829e1768de90fc1abf1", [:mix], [{:castore, "~> 0.1.0 or ~> 1.0", [hex: :castore, repo: "hexpm", optional: true]}, {:hpax, "~> 0.1.1 or ~> 0.2.0 or ~> 1.0", [hex: :hpax, repo: "hexpm", optional: false]}], "hexpm", "fceba0a4d0f24301ddee3024ae116df1c3f4bb7a563a731f45fdfeb9d39a231b"},
  "myxql": {:hex, :myxql, "0.6.4", "1502ea37ee23c31b79725b95d4cc3553693c2bda7421b1febc50722fd988c918", [:mix], [{:db_connection, "~> 2.4.1 or ~> 2.5", [hex: :db_connection, repo: "hexpm", optional: false]}, {:decimal, "~> 1.6 or ~> 2.0", [hex: :decimal, repo: "hexpm", optional: false]}, {:geo, "~> 3.4", [hex: :geo, repo: "hexpm", optional: true]}, {:jason, "~> 1.0", [hex: :jason, repo: "hexpm", optional: true]}, {:table, "~> 0.1.0", [hex: :table, repo: "hexpm", optional: true]}], "hexpm", "a3307f4671f3009d3708283649adf205bfe280f7e036fc8ef7f16dbf821ab8e9"},
  "nimble_options": {:hex, :nimble_options, "1.1.1", "e3a492d54d85fc3fd7c5baf411d9d2852922f66e69476317787a7b2bb000a61b", [:mix], [], "hexpm", "821b2470ca9442c4b6984882fe9bb0389371b8ddec4d45a9504f00a66f650b44"},
  "nimble_pool": {:hex, :nimble_pool, "1.1.0", "bf9c29fbdcba3564a8b800d1eeb5a3c58f36e1e11d7b7fb2e084a643f645f06b", [:mix], [], "hexpm", "af2e4e6b34197db81f7aad230c1118eac993acc0dae6bc83bac0126d4ae0813a"},
  "parse_trans": {:hex, :parse_trans, "3.4.1", "6e6aa8167cb44cc8f39441d05193be6e6f4e7c2946cb2759f015f8c56b76e5ff", [:rebar3], [], "hexpm", "620a406ce75dada827b82e453c19cf06776be266f5a67cff34e1ef2cbb60e49a"},
  "phoenix": {:hex, :phoenix, "1.7.9", "9a2b873e2cb3955efdd18ad050f1818af097fa3f5fc3a6aaba666da36bdd3f02", [:mix], [{:castore, ">= 0.0.0", [hex: :castore, repo: "hexpm", optional: false]}, {:jason, "~> 1.0", [hex: :jason, repo: "hexpm", optional: true]}, {:phoenix_pubsub, "~> 2.1", [hex: :phoenix_pubsub, repo: "hexpm", optional: false]}, {:phoenix_template, "~> 1.0", [hex: :phoenix_template, repo: "hexpm", optional: false]}, {:phoenix_view, "~> 2.0", [hex: :phoenix_view, repo: "hexpm", optional: true]}, {:plug, "~> 1.14", [hex: :plug, repo: "hexpm", optional: false]}, {:plug_cowboy, "~> 2.6", [hex: :plug_cowboy, repo: "hexpm", optional: true]}, {:plug_crypto, "~> 1.2 or ~> 2.0", [hex: :plug_crypto, repo: "hexpm", optional: false]}, {:telemetry, "~> 0.4 or ~> 1.0", [hex: :telemetry, repo: "hexpm", optional: false]}, {:websock_adapter, "~> 0.5.3", [hex: :websock_adapter, repo: "hexpm", optional: false]}], "hexpm", "83e32da028272b4bfd076c61a964e6d2b9d988378df2f1276a0ed21b13b5e997"},
  "phoenix_ecto": {:hex, :phoenix_ecto, "4.4.2", "b21bd01fdeffcfe2fab49e4942aa938b6d3e89e93a480d4aee58085560a0bc0d", [:mix], [{:ecto, "~> 3.5", [hex: :ecto, repo: "hexpm", optional: false]}, {:phoenix_html, "~> 2.14.2 or ~> 3.0", [hex: :phoenix_html, repo: "hexpm", optional: true]}, {:plug, "~> 1.9", [hex: :plug, repo: "hexpm", optional: false]}], "hexpm", "70242edd4601d50b69273b057ecf7b684644c19ee750989fd555625ae4ce8f5d"},
  "phoenix_html": {:hex, :phoenix_html, "3.3.3", "380b8fb45912b5638d2f1d925a3771b4516b9a78587249cabe394e0a5d579dc9", [:mix], [{:plug, "~> 1.5", [hex: :plug, repo: "hexpm", optional: true]}], "hexpm", "923ebe6fec6e2e3b3e569dfbdc6560de932cd54b000ada0208b5f45024bdd76c"},
  "phoenix_live_dashboard": {:hex, :phoenix_live_dashboard, "0.8.2", "b9e33c950d1ed98494bfbde1c34c6e51c8a4214f3bea3f07ca9a510643ee1387", [:mix], [{:ecto, "~> 3.6.2 or ~> 3.7", [hex: :ecto, repo: "hexpm", optional: true]}, {:ecto_mysql_extras, "~> 0.5", [hex: :ecto_mysql_extras, repo: "hexpm", optional: true]}, {:ecto_psql_extras, "~> 0.7", [hex: :ecto_psql_extras, repo: "hexpm", optional: true]}, {:ecto_sqlite3_extras, "~> 1.1.7 or ~> 1.2.0", [hex: :ecto_sqlite3_extras, repo: "hexpm", optional: true]}, {:mime, "~> 1.6 or ~> 2.0", [hex: :mime, repo: "hexpm", optional: false]}, {:phoenix_live_view, "~> 0.19 or ~> 1.0", [hex: :phoenix_live_view, repo: "hexpm", optional: false]}, {:telemetry_metrics, "~> 0.6 or ~> 1.0", [hex: :telemetry_metrics, repo: "hexpm", optional: false]}], "hexpm", "67a598441b5f583d301a77e0298719f9654887d3d8bf14e80ff0b6acf887ef90"},
  "phoenix_live_reload": {:hex, :phoenix_live_reload, "1.4.1", "2aff698f5e47369decde4357ba91fc9c37c6487a512b41732818f2204a8ef1d3", [:mix], [{:file_system, "~> 0.2.1 or ~> 0.3", [hex: :file_system, repo: "hexpm", optional: false]}, {:phoenix, "~> 1.4", [hex: :phoenix, repo: "hexpm", optional: false]}], "hexpm", "9bffb834e7ddf08467fe54ae58b5785507aaba6255568ae22b4d46e2bb3615ab"},
  "phoenix_live_view": {:hex, :phoenix_live_view, "0.20.1", "92a37acf07afca67ac98bd326532ba8f44ad7d4bdf3e4361b03f7f02594e5ae9", [:mix], [{:jason, "~> 1.0", [hex: :jason, repo: "hexpm", optional: true]}, {:phoenix, "~> 1.6.15 or ~> 1.7.0", [hex: :phoenix, repo: "hexpm", optional: false]}, {:phoenix_html, "~> 3.3", [hex: :phoenix_html, repo: "hexpm", optional: false]}, {:phoenix_template, "~> 1.0", [hex: :phoenix_template, repo: "hexpm", optional: false]}, {:phoenix_view, "~> 2.0", [hex: :phoenix_view, repo: "hexpm", optional: true]}, {:plug, "~> 1.15", [hex: :plug, repo: "hexpm", optional: false]}, {:telemetry, "~> 0.4.2 or ~> 1.0", [hex: :telemetry, repo: "hexpm", optional: false]}], "hexpm", "be494fd1215052729298b0e97d5c2ce8e719c00854b82cd8cf15c1cd7fcf6294"},
  "phoenix_pubsub": {:hex, :phoenix_pubsub, "2.1.3", "3168d78ba41835aecad272d5e8cd51aa87a7ac9eb836eabc42f6e57538e3731d", [:mix], [], "hexpm", "bba06bc1dcfd8cb086759f0edc94a8ba2bc8896d5331a1e2c2902bf8e36ee502"},
  "phoenix_template": {:hex, :phoenix_template, "1.0.3", "32de561eefcefa951aead30a1f94f1b5f0379bc9e340bb5c667f65f1edfa4326", [:mix], [{:phoenix_html, "~> 2.14.2 or ~> 3.0", [hex: :phoenix_html, repo: "hexpm", optional: true]}], "hexpm", "16f4b6588a4152f3cc057b9d0c0ba7e82ee23afa65543da535313ad8d25d8e2c"},
  "plug": {:hex, :plug, "1.15.1", "b7efd81c1a1286f13efb3f769de343236bd8b7d23b4a9f40d3002fc39ad8f74c", [:mix], [{:mime, "~> 1.0 or ~> 2.0", [hex: :mime, repo: "hexpm", optional: false]}, {:plug_crypto, "~> 1.1.1 or ~> 1.2 or ~> 2.0", [hex: :plug_crypto, repo: "hexpm", optional: false]}, {:telemetry, "~> 0.4.3 or ~> 1.0", [hex: :telemetry, repo: "hexpm", optional: false]}], "hexpm", "459497bd94d041d98d948054ec6c0b76feacd28eec38b219ca04c0de13c79d30"},
  "plug_cowboy": {:hex, :plug_cowboy, "2.6.1", "9a3bbfceeb65eff5f39dab529e5cd79137ac36e913c02067dba3963a26efe9b2", [:mix], [{:cowboy, "~> 2.7", [hex: :cowboy, repo: "hexpm", optional: false]}, {:cowboy_telemetry, "~> 0.3", [hex: :cowboy_telemetry, repo: "hexpm", optional: false]}, {:plug, "~> 1.14", [hex: :plug, repo: "hexpm", optional: false]}], "hexpm", "de36e1a21f451a18b790f37765db198075c25875c64834bcc82d90b309eb6613"},
  "plug_crypto": {:hex, :plug_crypto, "2.0.0", "77515cc10af06645abbfb5e6ad7a3e9714f805ae118fa1a70205f80d2d70fe73", [:mix], [], "hexpm", "53695bae57cc4e54566d993eb01074e4d894b65a3766f1c43e2c61a1b0f45ea9"},
  "postgrex": {:hex, :postgrex, "0.22.0", "fb027b58b6eab1f6de5396a2abcdaaeb168f9ed4eccbb594e6ac393b02078cbd", [:mix], [{:db_connection, "~> 2.9", [hex: :db_connection, repo: "hexpm", optional: false]}, {:decimal, "~> 1.5 or ~> 2.0", [hex: :decimal, repo: "hexpm", optional: false]}, {:jason, "~> 1.0", [hex: :jason, repo: "hexpm", optional: true]}, {:table, "~> 0.1.0", [hex: :table, repo: "hexpm", optional: true]}], "hexpm", "a68c4261e299597909e03e6f8ff5a13876f5caadaddd0d23af0d0a61afcc5d84"},
  "ranch": {:hex, :ranch, "1.8.0", "8c7a100a139fd57f17327b6413e4167ac559fbc04ca7448e9be9057311597a1d", [:make, :rebar3], [], "hexpm", "49fbcfd3682fab1f5d109351b61257676da1a2fdbe295904176d5e521a2ddfe5"},
  "ssl_verify_fun": {:hex, :ssl_verify_fun, "1.1.7", "354c321cf377240c7b8716899e182ce4890c5938111a1296add3ec74cf1715df", [:make, :mix, :rebar3], [], "hexpm", "fe4c190e8f37401d30167c8c405eda19469f34577987c76dde613e838bbc67f8"},
  "swoosh": {:hex, :swoosh, "1.12.0", "ecc85ee12947932986243299b8d28e6cdfc192c8d9e24c4c64f6738efdf344cb", [:mix], [{:cowboy, "~> 1.1 or ~> 2.4", [hex: :cowboy, repo: "hexpm", optional: true]}, {:ex_aws, "~> 2.1", [hex: :ex_aws, repo: "hexpm", optional: true]}, {:finch, "~> 0.6", [hex: :finch, repo: "hexpm", optional: true]}, {:gen_smtp, "~> 0.13 or ~> 1.0", [hex: :gen_smtp, repo: "hexpm", optional: true]}, {:hackney, "~> 1.9", [hex: :hackney, repo: "hexpm", optional: true]}, {:jason, "~> 1.0", [hex: :jason, repo: "hexpm", optional: false]}, {:mail, "~> 0.2", [hex: :mail, repo: "hexpm", optional: true]}, {:mime, "~> 1.1 or ~> 2.0", [hex: :mime, repo: "hexpm", optional: false]}, {:plug, "~> 1.9", [hex: :plug, repo: "hexpm", optional: true]}, {:plug_cowboy, ">= 1.0.0", [hex: :plug_cowboy, repo: "hexpm", optional: true]}, {:telemetry, "~> 0.4.2 or ~> 1.0", [hex: :telemetry, repo: "hexpm", optional: false]}], "hexpm", "87db7ab0f35e358ba5eac3afc7422ed0c8c168a2d219d2a83ad8cb7a424f6cc9"},
  "tailwind": {:hex, :tailwind, "0.2.1", "83d8eadbe71a8e8f67861fe7f8d51658ecfb258387123afe4d9dc194eddc36b0", [:mix], [{:castore, ">= 0.0.0", [hex: :castore, repo: "hexpm", optional: false]}], "hexpm", "e8a13f6107c95f73e58ed1b4221744e1eb5a093cd1da244432067e19c8c9a277"},
  "telemetry": {:hex, :telemetry, "1.4.1", "ab6de178e2b29b58e8256b92b382ea3f590a47152ca3651ea857a6cae05ac423", [:rebar3], [], "hexpm", "2172e05a27531d3d31dd9782841065c50dd5c3c7699d95266b2edd54c2dafa1c"},
  "telemetry_metrics": {:hex, :telemetry_metrics, "0.6.1", "315d9163a1d4660aedc3fee73f33f1d355dcc76c5c3ab3d59e76e3edf80eef1f", [:mix], [{:telemetry, "~> 0.4 or ~> 1.0", [hex: :telemetry, repo: "hexpm", optional: false]}], "hexpm", "7be9e0871c41732c233be71e4be11b96e56177bf15dde64a8ac9ce72ac9834c6"},
  "telemetry_poller": {:hex, :telemetry_poller, "1.0.0", "db91bb424e07f2bb6e73926fcafbfcbcb295f0193e0a00e825e589a0a47e8453", [:rebar3], [{:telemetry, "~> 1.0", [hex: :telemetry, repo: "hexpm", optional: false]}], "hexpm", "b3a24eafd66c3f42da30fc3ca7dda1e9d546c12250a2d60d7b81d264fbec4f6e"},
  "tesla": {:hex, :tesla, "1.16.0", "de77d083aea08ebd1982600693ff5d779d68a4bb835d136a0394b08f69714660", [:mix], [{:castore, "~> 0.1 or ~> 1.0", [hex: :castore, repo: "hexpm", optional: true]}, {:exjsx, ">= 3.0.0", [hex: :exjsx, repo: "hexpm", optional: true]}, {:finch, "~> 0.13", [hex: :finch, repo: "hexpm", optional: true]}, {:fuse, "~> 2.4", [hex: :fuse, repo: "hexpm", optional: true]}, {:gun, ">= 1.0.0", [hex: :gun, repo: "hexpm", optional: true]}, {:hackney, "~> 1.21", [hex: :hackney, repo: "hexpm", optional: true]}, {:ibrowse, "4.4.2", [hex: :ibrowse, repo: "hexpm", optional: true]}, {:jason, ">= 1.0.0", [hex: :jason, repo: "hexpm", optional: true]}, {:mime, "~> 1.0 or ~> 2.0", [hex: :mime, repo: "hexpm", optional: false]}, {:mint, "~> 1.0", [hex: :mint, repo: "hexpm", optional: true]}, {:mox, "~> 1.0", [hex: :mox, repo: "hexpm", optional: true]}, {:msgpax, "~> 2.3", [hex: :msgpax, repo: "hexpm", optional: true]}, {:poison, ">= 1.0.0", [hex: :poison, repo: "hexpm", optional: true]}, {:telemetry, "~> 0.4 or ~> 1.0", [hex: :telemetry, repo: "hexpm", optional: true]}], "hexpm", "eb3bdfc0c6c8a23b4e3d86558e812e3577acff1cb4acb6cfe2da1985a1035b89"},
  "testcontainers": {:hex, :testcontainers, "1.2.10", "65529607cb1a7ba75f19865b93aafd7d025d849483d5f93c3eeea61ecd5309d1", [:mix], [{:ecto, "~> 3.10", [hex: :ecto, repo: "hexpm", optional: true]}, {:ecto_sql, "~> 3.10", [hex: :ecto_sql, repo: "hexpm", optional: true]}, {:ex_docker_engine_api, "~> 1.43", [hex: :ex_docker_engine_api, repo: "hexpm", optional: false]}, {:uuid, "~> 1.1", [hex: :uuid, repo: "hexpm", optional: false]}], "hexpm", "5c472a3653f4e2b58958241cd7d9feb5acd847b1d11bbbb0f6f6c721c5fb265a"},
  "unicode_util_compat": {:hex, :unicode_util_compat, "0.7.1", "a48703a25c170eedadca83b11e88985af08d35f37c6f664d6dcfb106a97782fc", [:rebar3], [], "hexpm", "b3a917854ce3ae233619744ad1e0102e05673136776fb2fa76234f3e03b23642"},
  "uniq": {:hex, :uniq, "0.6.2", "51846518c037134c08bc5b773468007b155e543d53c8b39bafe95b0af487e406", [:mix], [{:ecto, "~> 3.0", [hex: :ecto, repo: "hexpm", optional: true]}], "hexpm", "95aa2a41ea331ef0a52d8ed12d3e730ef9af9dbc30f40646e6af334fbd7bc0fc"},
  "uuid": {:hex, :uuid, "1.1.8", "e22fc04499de0de3ed1116b770c7737779f226ceefa0badb3592e64d5cfb4eb9", [:mix], [], "hexpm", "c790593b4c3b601f5dc2378baae7efaf5b3d73c4c6456ba85759905be792f2ac"},
  "websock": {:hex, :websock, "0.5.3", "2f69a6ebe810328555b6fe5c831a851f485e303a7c8ce6c5f675abeb20ebdadc", [:mix], [], "hexpm", "6105453d7fac22c712ad66fab1d45abdf049868f253cf719b625151460b8b453"},
  "websock_adapter": {:hex, :websock_adapter, "0.5.4", "7af8408e7ed9d56578539594d1ee7d8461e2dd5c3f57b0f2a5352d610ddde757", [:mix], [{:bandit, ">= 0.6.0", [hex: :bandit, repo: "hexpm", optional: true]}, {:plug, "~> 1.14", [hex: :plug, repo: "hexpm", optional: false]}, {:plug_cowboy, "~> 2.6", [hex: :plug_cowboy, repo: "hexpm", optional: true]}, {:websock, "~> 0.5", [hex: :websock, repo: "hexpm", optional: false]}], "hexpm", "d2c238c79c52cbe223fcdae22ca0bb5007a735b9e933870e241fce66afb4f4ab"},
}
